<Solution>
  <Folder Name="/src/">
    <Project Path="src/Warehouse.Api/Warehouse.Api.csproj" />
    <Project Path="src/Warehouse.Application/Warehouse.Application.csproj" />
    <Project Path="src/Warehouse.Domain/Warehouse.Domain.csproj" />
    <Project Path="src/Warehouse.Infrastructure/Warehouse.Infrastructure.csproj" />
  </Folder>
</Solution>
